
Microsoft Visual Studio Solution File, Format Version 12.00
# Visual Studio 15
VisualStudioVersion = 15.0.27004.2006
MinimumVisualStudioVersion = 10.0.40219.1
Project("{FAE04EC0-301F-11D3-BF4B-00C04F79EFBC}") = "IntercomTest", "IntercomTest\IntercomTest.csproj", "{C485C87E-4372-43DD-8816-A53EC3771AF6}"
EndProject
Project("{FAE04EC0-301F-11D3-BF4B-00C04F79EFBC}") = "IntercomTestUnitTests", "IntercomTestUnitTests\IntercomTestUnitTests.csproj", "{05305A1F-2B9B-4623-9AB6-7E4A0A4E893A}"
EndProject
Project("{FAE04EC0-301F-11D3-BF4B-00C04F79EFBC}") = "IntercomConsoleApp", "IntercomConsoleApp\IntercomConsoleApp.csproj", "{08517D1A-60FA-4125-A6E2-3B861FCF29B6}"
EndProject
Project("{2150E333-8FDC-42A3-9474-1A3956D46DE8}") = "Solution Items", "Solution Items", "{A43A7A96-E6A4-41B9-9EBE-1514EB12214C}"
	ProjectSection(SolutionItems) = preProject
		Readme.txt = Readme.txt
	EndProjectSection
EndProject
Global
	GlobalSection(SolutionConfigurationPlatforms) = preSolution
		Debug|Any CPU = Debug|Any CPU
		Release|Any CPU = Release|Any CPU
	EndGlobalSection
	GlobalSection(ProjectConfigurationPlatforms) = postSolution
		{C485C87E-4372-43DD-8816-A53EC3771AF6}.Debug|Any CPU.ActiveCfg = Debug|Any CPU
		{C485C87E-4372-43DD-8816-A53EC3771AF6}.Debug|Any CPU.Build.0 = Debug|Any CPU
		{C485C87E-4372-43DD-8816-A53EC3771AF6}.Release|Any CPU.ActiveCfg = Release|Any CPU
		{C485C87E-4372-43DD-8816-A53EC3771AF6}.Release|Any CPU.Build.0 = Release|Any CPU
		{05305A1F-2B9B-4623-9AB6-7E4A0A4E893A}.Debug|Any CPU.ActiveCfg = Debug|Any CPU
		{05305A1F-2B9B-4623-9AB6-7E4A0A4E893A}.Debug|Any CPU.Build.0 = Debug|Any CPU
		{05305A1F-2B9B-4623-9AB6-7E4A0A4E893A}.Release|Any CPU.ActiveCfg = Release|Any CPU
		{05305A1F-2B9B-4623-9AB6-7E4A0A4E893A}.Release|Any CPU.Build.0 = Release|Any CPU
		{08517D1A-60FA-4125-A6E2-3B861FCF29B6}.Debug|Any CPU.ActiveCfg = Debug|Any CPU
		{08517D1A-60FA-4125-A6E2-3B861FCF29B6}.Debug|Any CPU.Build.0 = Debug|Any CPU
		{08517D1A-60FA-4125-A6E2-3B861FCF29B6}.Release|Any CPU.ActiveCfg = Release|Any CPU
		{08517D1A-60FA-4125-A6E2-3B861FCF29B6}.Release|Any CPU.Build.0 = Release|Any CPU
	EndGlobalSection
	GlobalSection(SolutionProperties) = preSolution
		HideSolutionNode = FALSE
	EndGlobalSection
	GlobalSection(ExtensibilityGlobals) = postSolution
		SolutionGuid = {E329F657-998F-4E97-BFBC-E167F043703E}
	EndGlobalSection
EndGlobal
